// !$*UTF8*$!
{
	archiveVersion = 1;
	classes = {
	};
	objectVersion = 46;
	objects = {

/* Begin PBXBuildFile section */
		8B0158221E830FAF00981351 /* AppDelegate.swift in Sources */ = {isa = PBXBuildFile; fileRef = 8B0158211E830FAF00981351 /* AppDelegate.swift */; };
		8B0158241E830FAF00981351 /* ViewController.swift in Sources */ = {isa = PBXBuildFile; fileRef = 8B0158231E830FAF00981351 /* ViewController.swift */; };
		8B0158271E830FAF00981351 /* Main.storyboard in Resources */ = {isa = PBXBuildFile; fileRef = 8B0158251E830FAF00981351 /* Main.storyboard */; };
		8B0158291E830FAF00981351 /* Assets.xcassets in Resources */ = {isa = PBXBuildFile; fileRef = 8B0158281E830FAF00981351 /* Assets.xcassets */; };
		8B01582C1E830FAF00981351 /* LaunchScreen.storyboard in Resources */ = {isa = PBXBuildFile; fileRef = 8B01582A1E830FAF00981351 /* LaunchScreen.storyboard */; };
/* End PBXBuildFile section */

/* Begin PBXFileReference section */
		8B01581E1E830FAF00981351 /* App_SocialFrameworks_Facebook_Twitter.app */ = {isa = PBXFileReference; explicitFileType = wrapper.application; includeInIndex = 0; path = App_SocialFrameworks_Facebook_Twitter.app; sourceTree = BUILT_PRODUCTS_DIR; };
		8B0158211E830FAF00981351 /* AppDelegate.swift */ = {isa = PBXFileReference; lastKnownFileType = sourcecode.swift; path = AppDelegate.swift; sourceTree = "<group>"; };
		8B0158231E830FAF00981351 /* ViewController.swift */ = {isa = PBXFileReference; lastKnownFileType = sourcecode.swift; path = ViewController.swift; sourceTree = "<group>"; };
		8B0158261E830FAF00981351 /* Base */ = {isa = PBXFileReference; lastKnownFileType = file.storyboard; name = Base; path = Base.lproj/Main.storyboard; sourceTree = "<group>"; };
		8B0158281E830FAF00981351 /* Assets.xcassets */ = {isa = PBXFileReference; lastKnownFileType = folder.assetcatalog; path = Assets.xcassets; sourceTree = "<group>"; };
		8B01582B1E830FAF00981351 /* Base */ = {isa = PBXFileReference; lastKnownFileType = file.storyboard; name = Base; path = Base.lproj/LaunchScreen.storyboard; sourceTree = "<group>"; };
		8B01582D1E830FAF00981351 /* Info.plist */ = {isa = PBXFileReference; lastKnownFileType = text.plist.xml; path = Info.plist; sourceTree = "<group>"; };
/* End PBXFileReference section */

/* Begin PBXFrameworksBuildPhase section */
		8B01581B1E830FAF00981351 /* Frameworks */ = {
			isa = PBXFrameworksBuildPhase;
			buildActionMask = 2147483647;
			files = (
			);
			runOnlyForDeploymentPostprocessing = 0;
		};
/* End PBXFrameworksBuildPhase section */

/* Begin PBXGroup section */
		8B0158151E830FAF00981351 = {
			isa = PBXGroup;
			children = (
				8B0158201E830FAF00981351 /* App_SocialFrameworks_Facebook_Twitter */,
				8B01581F1E830FAF00981351 /* Products */,
			);
			sourceTree = "<group>";
		};
		8B01581F1E830FAF00981351 /* Products */ = {
			isa = PBXGroup;
			children = (
				8B01581E1E830FAF00981351 /* App_SocialFrameworks_Facebook_Twitter.app */,
			);
			name = Products;
			sourceTree = "<group>";
		};
		8B0158201E830FAF00981351 /* App_SocialFrameworks_Facebook_Twitter */ = {
			isa = PBXGroup;
			children = (
				8B0158211E830FAF00981351 /* AppDelegate.swift */,
				8B0158231E830FAF00981351 /* ViewController.swift */,
				8B0158251E830FAF00981351 /* Main.storyboard */,
				8B0158281E830FAF00981351 /* Assets.xcassets */,
				8B01582A1E830FAF00981351 /* LaunchScreen.storyboard */,
				8B01582D1E830FAF00981351 /* Info.plist */,
			);
			path = App_SocialFrameworks_Facebook_Twitter;
			sourceTree = "<group>";
		};
/* End PBXGroup section */

/* Begin PBXNativeTarget section */
		8B01581D1E830FAF00981351 /* App_SocialFrameworks_Facebook_Twitter */ = {
			isa = PBXNativeTarget;
			buildConfigurationList = 8B0158301E830FAF00981351 /* Build configuration list for PBXNativeTarget "App_SocialFrameworks_Facebook_Twitter" */;
			buildPhases = (
				8B01581A1E830FAF00981351 /* Sources */,
				8B01581B1E830FAF00981351 /* Frameworks */,
				8B01581C1E830FAF00981351 /* Resources */,
			);
			buildRules = (
			);
			dependencies = (
			);
			name = App_SocialFrameworks_Facebook_Twitter;
			productName = App_SocialFrameworks_Facebook_Twitter;
			productReference = 8B01581E1E830FAF00981351 /* App_SocialFrameworks_Facebook_Twitter.app */;
			productType = "com.apple.product-type.application";
		};
/* End PBXNativeTarget section */

/* Begin PBXProject section */
		8B0158161E830FAF00981351 /* Project object */ = {
			isa = PBXProject;
			attributes = {
				LastSwiftUpdateCheck = 0820;
				LastUpgradeCheck = 0820;
				ORGANIZATIONNAME = formador;
				TargetAttributes = {
					8B01581D1E830FAF00981351 = {
						CreatedOnToolsVersion = 8.2.1;
						ProvisioningStyle = Automatic;
					};
				};
			};
			buildConfigurationList = 8B0158191E830FAF00981351 /* Build configuration list for PBXProject "App_SocialFrameworks_Facebook_Twitter" */;
			compatibilityVersion = "Xcode 3.2";
			developmentRegion = English;
			hasScannedForEncodings = 0;
			knownRegions = (
				en,
				Base,
			);
			mainGroup = 8B0158151E830FAF00981351;
			productRefGroup = 8B01581F1E830FAF00981351 /* Products */;
			projectDirPath = "";
			projectRoot = "";
			targets = (
				8B01581D1E830FAF00981351 /* App_SocialFrameworks_Facebook_Twitter */,
			);
		};
/* End PBXProject section */

/* Begin PBXResourcesBuildPhase section */
		8B01581C1E830FAF00981351 /* Resources */ = {
			isa = PBXResourcesBuildPhase;
			buildActionMask = 2147483647;
			files = (
				8B01582C1E830FAF00981351 /* LaunchScreen.storyboard in Resources */,
				8B0158291E830FAF00981351 /* Assets.xcassets in Resources */,
				8B0158271E830FAF00981351 /* Main.storyboard in Resources */,
			);
			runOnlyForDeploymentPostprocessing = 0;
		};
/* End PBXResourcesBuildPhase section */

/* Begin PBXSourcesBuildPhase section */
		8B01581A1E830FAF00981351 /* Sources */ = {
			isa = PBXSourcesBuildPhase;
			buildActionMask = 2147483647;
			files = (
				8B0158241E830FAF00981351 /* ViewController.swift in Sources */,
				8B0158221E830FAF00981351 /* AppDelegate.swift in Sources */,
			);
			runOnlyForDeploymentPostprocessing = 0;
		};
/* End PBXSourcesBuildPhase section */

/* Begin PBXVariantGroup section */
		8B0158251E830FAF00981351 /* Main.storyboard */ = {
			isa = PBXVariantGroup;
			children = (
				8B0158261E830FAF00981351 /* Base */,
			);
			name = Main.storyboard;
			sourceTree = "<group>";
		};
		8B01582A1E830FAF00981351 /* LaunchScreen.storyboard */ = {
			isa = PBXVariantGroup;
			children = (
				8B01582B1E830FAF00981351 /* Base */,
			);
			name = LaunchScreen.storyboard;
			sourceTree = "<group>";
		};
/* End PBXVariantGroup section */

/* Begin XCBuildConfiguration section */
		8B01582E1E830FAF00981351 /* Debug */ = {
			isa = XCBuildConfiguration;
			buildSettings = {
				ALWAYS_SEARCH_USER_PATHS = NO;
				CLANG_ANALYZER_NONNULL = YES;
				CLANG_CXX_LANGUAGE_STANDARD = "gnu++0x";
				CLANG_CXX_LIBRARY = "libc++";
				CLANG_ENABLE_MODULES = YES;
				CLANG_ENABLE_OBJC_ARC = YES;
				CLANG_WARN_BOOL_CONVERSION = YES;
				CLANG_WARN_CONSTANT_CONVERSION = YES;
				CLANG_WARN_DIRECT_OBJC_ISA_USAGE = YES_ERROR;
				CLANG_WARN_DOCUMENTATION_COMMENTS = YES;
				CLANG_WARN_EMPTY_BODY = YES;
				CLANG_WARN_ENUM_CONVERSION = YES;
				CLANG_WARN_INFINITE_RECURSION = YES;
				CLANG_WARN_INT_CONVERSION = YES;
				CLANG_WARN_OBJC_ROOT_CLASS = YES_ERROR;
				CLANG_WARN_SUSPICIOUS_MOVE = YES;
				CLANG_WARN_UNREACHABLE_CODE = YES;
				CLANG_WARN__DUPLICATE_METHOD_MATCH = YES;
				"CODE_SIGN_IDENTITY[sdk=iphoneos*]" = "iPhone Developer";
				COPY_PHASE_STRIP = NO;
				DEBUG_INFORMATION_FORMAT = dwarf;
				ENABLE_STRICT_OBJC_MSGSEND = YES;
				ENABLE_TESTABILITY = YES;
				GCC_C_LANGUAGE_STANDARD = gnu99;
				GCC_DYNAMIC_NO_PIC = NO;
				GCC_NO_COMMON_BLOCKS = YES;
				GCC_OPTIMIZATION_LEVEL = 0;
				GCC_PREPROCESSOR_DEFINITIONS = (
					"DEBUG=1",
					"$(inherited)",
				);
				GCC_WARN_64_TO_32_BIT_CONVERSION = YES;
				GCC_WARN_ABOUT_RETURN_TYPE = YES_ERROR;
				GCC_WARN_UNDECLARED_SELECTOR = YES;
				GCC_WARN_UNINITIALIZED_AUTOS = YES_AGGRESSIVE;
				GCC_WARN_UNUSED_FUNCTION = YES;
				GCC_WARN_UNUSED_VARIABLE = YES;
				IPHONEOS_DEPLOYMENT_TARGET = 10.2;
				MTL_ENABLE_DEBUG_INFO = YES;
				ONLY_ACTIVE_ARCH = YES;
				SDKROOT = iphoneos;
				SWIFT_ACTIVE_COMPILATION_CONDITIONS = DEBUG;
				SWIFT_OPTIMIZATION_LEVEL = "-Onone";
			};
			name = Debug;
		};
		8B01582F1E830FAF00981351 /* Release */ = {
			isa = XCBuildConfiguration;
			buildSettings = {
				ALWAYS_SEARCH_USER_PATHS = NO;
				CLANG_ANALYZER_NONNULL = YES;
				CLANG_CXX_LANGUAGE_STANDARD = "gnu++0x";
				CLANG_CXX_LIBRARY = "libc++";
				CLANG_ENABLE_MODULES = YES;
				CLANG_ENABLE_OBJC_ARC = YES;
				CLANG_WARN_BOOL_CONVERSION = YES;
				CLANG_WARN_CONSTANT_CONVERSION = YES;
				CLANG_WARN_DIRECT_OBJC_ISA_USAGE = YES_ERROR;
				CLANG_WARN_DOCUMENTATION_COMMENTS = YES;
				CLANG_WARN_EMPTY_BODY = YES;
				CLANG_WARN_ENUM_CONVERSION = YES;
				CLANG_WARN_INFINITE_RECURSION = YES;
				CLANG_WARN_INT_CONVERSION = YES;
				CLANG_WARN_OBJC_ROOT_CLASS = YES_ERROR;
				CLANG_WARN_SUSPICIOUS_MOVE = YES;
				CLANG_WARN_UNREACHABLE_CODE = YES;
				CLANG_WARN__DUPLICATE_METHOD_MATCH = YES;
				"CODE_SIGN_IDENTITY[sdk=iphoneos*]" = "iPhone Developer";
				COPY_PHASE_STRIP = NO;
				DEBUG_INFORMATION_FORMAT = "dwarf-with-dsym";
				ENABLE_NS_ASSERTIONS = NO;
				ENABLE_STRICT_OBJC_MSGSEND = YES;
				GCC_C_LANGUAGE_STANDARD = gnu99;
				GCC_NO_COMMON_BLOCKS = YES;
				GCC_WARN_64_TO_32_BIT_CONVERSION = YES;
				GCC_WARN_ABOUT_RETURN_TYPE = YES_ERROR;
				GCC_WARN_UNDECLARED_SELECTOR = YES;
				GCC_WARN_UNINITIALIZED_AUTOS = YES_AGGRESSIVE;
				GCC_WARN_UNUSED_FUNCTION = YES;
				GCC_WARN_UNUSED_VARIABLE = YES;
				IPHONEOS_DEPLOYMENT_TARGET = 10.2;
				MTL_ENABLE_DEBUG_INFO = NO;
				SDKROOT = iphoneos;
				SWIFT_OPTIMIZATION_LEVEL = "-Owholemodule";
				VALIDATE_PRODUCT = YES;
			};
			name = Release;
		};
		8B0158311E830FAF00981351 /* Debug */ = {
			isa = XCBuildConfiguration;
			buildSettings = {
				ASSETCATALOG_COMPILER_APPICON_NAME = AppIcon;
				INFOPLIST_FILE = App_SocialFrameworks_Facebook_Twitter/Info.plist;
				LD_RUNPATH_SEARCH_PATHS = "$(inherited) @executable_path/Frameworks";
				PRODUCT_BUNDLE_IDENTIFIER = "com.es.CICE.App-SocialFrameworks-Facebook-Twitter";
				PRODUCT_NAME = "$(TARGET_NAME)";
				SWIFT_VERSION = 3.0;
			};
			name = Debug;
		};
		8B0158321E830FAF00981351 /* Release */ = {
			isa = XCBuildConfiguration;
			buildSettings = {
				ASSETCATALOG_COMPILER_APPICON_NAME = AppIcon;
				INFOPLIST_FILE = App_SocialFrameworks_Facebook_Twitter/Info.plist;
				LD_RUNPATH_SEARCH_PATHS = "$(inherited) @executable_path/Frameworks";
				PRODUCT_BUNDLE_IDENTIFIER = "com.es.CICE.App-SocialFrameworks-Facebook-Twitter";
				PRODUCT_NAME = "$(TARGET_NAME)";
				SWIFT_VERSION = 3.0;
			};
			name = Release;
		};
/* End XCBuildConfiguration section */

/* Begin XCConfigurationList section */
		8B0158191E830FAF00981351 /* Build configuration list for PBXProject "App_SocialFrameworks_Facebook_Twitter" */ = {
			isa = XCConfigurationList;
			buildConfigurations = (
				8B01582E1E830FAF00981351 /* Debug */,
				8B01582F1E830FAF00981351 /* Release */,
			);
			defaultConfigurationIsVisible = 0;
			defaultConfigurationName = Release;
		};
		8B0158301E830FAF00981351 /* Build configuration list for PBXNativeTarget "App_SocialFrameworks_Facebook_Twitter" */ = {
			isa = XCConfigurationList;
			buildConfigurations = (
				8B0158311E830FAF00981351 /* Debug */,
				8B0158321E830FAF00981351 /* Release */,
			);
			defaultConfigurationIsVisible = 0;
		};
/* End XCConfigurationList section */
	};
	rootObject = 8B0158161E830FAF00981351 /* Project object */;
}
